
Microsoft Visual Studio Solution File, Format Version 12.00
# Visual Studio 15
VisualStudioVersion = 15.0.27428.2027
MinimumVisualStudioVersion = 10.0.40219.1
Project("{FAE04EC0-301F-11D3-BF4B-00C04F79EFBC}") = "Sort Even Numbers", "Sort Even Numbers\Sort Even Numbers.csproj", "{459957CC-331B-475D-AF88-67FC479017BA}"
EndProject
Project("{FAE04EC0-301F-11D3-BF4B-00C04F79EFBC}") = "Sum Numbers", "Sum Numbers\Sum Numbers.csproj", "{F45C1E5F-B8D9-48F3-8A27-452AC9C4EB46}"
EndProject
Project("{FAE04EC0-301F-11D3-BF4B-00C04F79EFBC}") = "Count Uppercase Words", "Count Uppercase Words\Count Uppercase Words.csproj", "{E2144DFC-8A81-469C-952B-B71BE3FF517F}"
EndProject
Project("{FAE04EC0-301F-11D3-BF4B-00C04F79EFBC}") = "Add VAT", "Add VAT\Add VAT.csproj", "{C5877E2B-8F1C-4F68-B88E-FB78B6B9E8CC}"
EndProject
Project("{FAE04EC0-301F-11D3-BF4B-00C04F79EFBC}") = "Filter By Age", "Filter By Age\Filter By Age.csproj", "{290BE65E-676B-4E73-85B4-652B109319ED}"
EndProject
Global
	GlobalSection(SolutionConfigurationPlatforms) = preSolution
		Debug|Any CPU = Debug|Any CPU
		Release|Any CPU = Release|Any CPU
	EndGlobalSection
	GlobalSection(ProjectConfigurationPlatforms) = postSolution
		{459957CC-331B-475D-AF88-67FC479017BA}.Debug|Any CPU.ActiveCfg = Debug|Any CPU
		{459957CC-331B-475D-AF88-67FC479017BA}.Debug|Any CPU.Build.0 = Debug|Any CPU
		{459957CC-331B-475D-AF88-67FC479017BA}.Release|Any CPU.ActiveCfg = Release|Any CPU
		{459957CC-331B-475D-AF88-67FC479017BA}.Release|Any CPU.Build.0 = Release|Any CPU
		{F45C1E5F-B8D9-48F3-8A27-452AC9C4EB46}.Debug|Any CPU.ActiveCfg = Debug|Any CPU
		{F45C1E5F-B8D9-48F3-8A27-452AC9C4EB46}.Debug|Any CPU.Build.0 = Debug|Any CPU
		{F45C1E5F-B8D9-48F3-8A27-452AC9C4EB46}.Release|Any CPU.ActiveCfg = Release|Any CPU
		{F45C1E5F-B8D9-48F3-8A27-452AC9C4EB46}.Release|Any CPU.Build.0 = Release|Any CPU
		{E2144DFC-8A81-469C-952B-B71BE3FF517F}.Debug|Any CPU.ActiveCfg = Debug|Any CPU
		{E2144DFC-8A81-469C-952B-B71BE3FF517F}.Debug|Any CPU.Build.0 = Debug|Any CPU
		{E2144DFC-8A81-469C-952B-B71BE3FF517F}.Release|Any CPU.ActiveCfg = Release|Any CPU
		{E2144DFC-8A81-469C-952B-B71BE3FF517F}.Release|Any CPU.Build.0 = Release|Any CPU
		{C5877E2B-8F1C-4F68-B88E-FB78B6B9E8CC}.Debug|Any CPU.ActiveCfg = Debug|Any CPU
		{C5877E2B-8F1C-4F68-B88E-FB78B6B9E8CC}.Debug|Any CPU.Build.0 = Debug|Any CPU
		{C5877E2B-8F1C-4F68-B88E-FB78B6B9E8CC}.Release|Any CPU.ActiveCfg = Release|Any CPU
		{C5877E2B-8F1C-4F68-B88E-FB78B6B9E8CC}.Release|Any CPU.Build.0 = Release|Any CPU
		{290BE65E-676B-4E73-85B4-652B109319ED}.Debug|Any CPU.ActiveCfg = Debug|Any CPU
		{290BE65E-676B-4E73-85B4-652B109319ED}.Debug|Any CPU.Build.0 = Debug|Any CPU
		{290BE65E-676B-4E73-85B4-652B109319ED}.Release|Any CPU.ActiveCfg = Release|Any CPU
		{290BE65E-676B-4E73-85B4-652B109319ED}.Release|Any CPU.Build.0 = Release|Any CPU
	EndGlobalSection
	GlobalSection(SolutionProperties) = preSolution
		HideSolutionNode = FALSE
	EndGlobalSection
	GlobalSection(ExtensibilityGlobals) = postSolution
		SolutionGuid = {288A60BC-C31D-4E8A-89B2-23F6A523FA67}
	EndGlobalSection
EndGlobal
